
Microsoft Visual Studio Solution File, Format Version 12.00
# Visual Studio Version 17
VisualStudioVersion = 17.8.34601.278
MinimumVisualStudioVersion = 10.0.40219.1
Project("{8BC9CEB8-8B4A-11D0-8D11-00A0C91BC942}") = "Operator1", "Operator1\Operator1.vcxproj", "{2437B3BC-227D-4D99-B8B1-CA9269B4823B}"
EndProject
Global
	GlobalSection(SolutionConfigurationPlatforms) = preSolution
		Debug|x64 = Debug|x64
		Debug|x86 = Debug|x86
		Release|x64 = Release|x64
		Release|x86 = Release|x86
	EndGlobalSection
	GlobalSection(ProjectConfigurationPlatforms) = postSolution
		{2437B3BC-227D-4D99-B8B1-CA9269B4823B}.Debug|x64.ActiveCfg = Debug|x64
		{2437B3BC-227D-4D99-B8B1-CA9269B4823B}.Debug|x64.Build.0 = Debug|x64
		{2437B3BC-227D-4D99-B8B1-CA9269B4823B}.Debug|x86.ActiveCfg = Debug|Win32
		{2437B3BC-227D-4D99-B8B1-CA9269B4823B}.Debug|x86.Build.0 = Debug|Win32
		{2437B3BC-227D-4D99-B8B1-CA9269B4823B}.Release|x64.ActiveCfg = Release|x64
		{2437B3BC-227D-4D99-B8B1-CA9269B4823B}.Release|x64.Build.0 = Release|x64
		{2437B3BC-227D-4D99-B8B1-CA9269B4823B}.Release|x86.ActiveCfg = Release|Win32
		{2437B3BC-227D-4D99-B8B1-CA9269B4823B}.Release|x86.Build.0 = Release|Win32
	EndGlobalSection
	GlobalSection(SolutionProperties) = preSolution
		HideSolutionNode = FALSE
	EndGlobalSection
	GlobalSection(ExtensibilityGlobals) = postSolution
		SolutionGuid = {509C6F20-95D0-4FE4-AAC7-78DAD8CE81D9}
	EndGlobalSection
EndGlobal
